
Microsoft Visual Studio Solution File, Format Version 12.00
# Visual Studio 15
VisualStudioVersion = 15.0.26403.3
MinimumVisualStudioVersion = 10.0.40219.1
Project("{FAE04EC0-301F-11D3-BF4B-00C04F79EFBC}") = "EnglishPremierLeagueApp", "EnglishPremierLeagueApp\EnglishPremierLeagueApp.csproj", "{830324FF-A2FC-4F94-9EC4-83D8BC72462E}"
EndProject
Project("{FAE04EC0-301F-11D3-BF4B-00C04F79EFBC}") = "EnglishPremiereLeagueAppTests", "EnglishPremiereLeagueAppTests\EnglishPremiereLeagueAppTests.csproj", "{363FB035-23C1-4660-B652-41200168873B}"
EndProject
Project("{9A19103F-16F7-4668-BE54-9A1E7A4F7556}") = "Data", "..\Data\Data.csproj", "{DD462F7A-FA9C-4A73-A11D-A463D1E8A048}"
EndProject
Global
	GlobalSection(SolutionConfigurationPlatforms) = preSolution
		Debug|Any CPU = Debug|Any CPU
		Release|Any CPU = Release|Any CPU
	EndGlobalSection
	GlobalSection(ProjectConfigurationPlatforms) = postSolution
		{830324FF-A2FC-4F94-9EC4-83D8BC72462E}.Debug|Any CPU.ActiveCfg = Debug|Any CPU
		{830324FF-A2FC-4F94-9EC4-83D8BC72462E}.Debug|Any CPU.Build.0 = Debug|Any CPU
		{830324FF-A2FC-4F94-9EC4-83D8BC72462E}.Release|Any CPU.ActiveCfg = Release|Any CPU
		{830324FF-A2FC-4F94-9EC4-83D8BC72462E}.Release|Any CPU.Build.0 = Release|Any CPU
		{363FB035-23C1-4660-B652-41200168873B}.Debug|Any CPU.ActiveCfg = Debug|Any CPU
		{363FB035-23C1-4660-B652-41200168873B}.Debug|Any CPU.Build.0 = Debug|Any CPU
		{363FB035-23C1-4660-B652-41200168873B}.Release|Any CPU.ActiveCfg = Release|Any CPU
		{363FB035-23C1-4660-B652-41200168873B}.Release|Any CPU.Build.0 = Release|Any CPU
		{DD462F7A-FA9C-4A73-A11D-A463D1E8A048}.Debug|Any CPU.ActiveCfg = Debug|Any CPU
		{DD462F7A-FA9C-4A73-A11D-A463D1E8A048}.Debug|Any CPU.Build.0 = Debug|Any CPU
		{DD462F7A-FA9C-4A73-A11D-A463D1E8A048}.Release|Any CPU.ActiveCfg = Release|Any CPU
		{DD462F7A-FA9C-4A73-A11D-A463D1E8A048}.Release|Any CPU.Build.0 = Release|Any CPU
	EndGlobalSection
	GlobalSection(SolutionProperties) = preSolution
		HideSolutionNode = FALSE
	EndGlobalSection
EndGlobal
